[[package]]
name = "aiokafka"
version = "0.8.0"
description = "Kafka integration with asyncio."
category = "main"
optional = false
python-versions = ">=3.7"

[package.dependencies]
async-timeout = "*"
kafka-python = ">=2.0.2"
packaging = "*"

[package.extras]
all = ["gssapi", "lz4", "python-snappy (>=0.5)", "zstandard"]
gssapi = ["gssapi"]
lz4 = ["lz4"]
snappy = ["python-snappy (>=0.5)"]
zstd = ["zstandard"]

[[package]]
name = "async-timeout"
version = "4.0.2"
description = "Timeout context manager for asyncio programs"
category = "main"
optional = false
python-versions = ">=3.6"

[[package]]
name = "avant-messaging-client"
version = "0.1.0"
description = "Avant's messaging utility for consuming and producing messages, currently with Kafka."
category = "main"
optional = false
python-versions = ">=3.9,<4.0"

[package.dependencies]
aiokafka = {version = ">=0.8.0,<0.9.0", optional = true, markers = "extra == \"aiokafka\""}

[package.extras]
aiokafka = ["aiokafka (>=0.8.0,<0.9.0)"]
avro = ["avro (>=1.11.1,<2.0.0)"]
faust = ["faust-streaming (>=0.10.1,<0.11.0)"]

[package.source]
type = "file"
url = "../avant-messaging-client/dist/avant_messaging_client-0.1.0-py3-none-any.whl"

[[package]]
name = "kafka-python"
version = "2.0.2"
description = "Pure Python client for Apache Kafka"
category = "main"
optional = false
python-versions = "*"

[package.extras]
crc32c = ["crc32c"]

[[package]]
name = "packaging"
version = "23.0"
description = "Core utilities for Python packages"
category = "main"
optional = false
python-versions = ">=3.7"

[metadata]
lock-version = "1.1"
python-versions = "^3.10"
content-hash = "cf733295a2028a3d27bbb6c3a8a40dbb61061ef736cd3784618af8e024793b21"

[metadata.files]
aiokafka = [
    {file = "aiokafka-0.8.0-cp310-cp310-macosx_10_9_x86_64.whl", hash = "sha256:f3f96301337fa7f7242f46651619b8e9e8fa8f23902dc11416fe764436d662d3"},
    {file = "aiokafka-0.8.0-cp310-cp310-manylinux_2_17_aarch64.manylinux2014_aarch64.whl", hash = "sha256:12457b59a06cff7369cace8d4460049b2ef2ab7f7cdc9c4924d577b9d4b48bf9"},
    {file = "aiokafka-0.8.0-cp310-cp310-manylinux_2_17_x86_64.manylinux2014_x86_64.whl", hash = "sha256:ec896d114be157a886e3227bbe3f00658dc4d6f17b203bc44075650817703f0b"},
    {file = "aiokafka-0.8.0-cp310-cp310-manylinux_2_5_i686.manylinux1_i686.manylinux_2_17_i686.manylinux2014_i686.whl", hash = "sha256:8857cbd76e97186e54b98ebb3ea7778fb3618826bb9e4d01375bfab0a1d93d69"},
    {file = "aiokafka-0.8.0-cp310-cp310-win32.whl", hash = "sha256:539d8584652e354e7f7bbaf8843e936d91bfc28e224a53a82e1bcb64ac7f6dda"},
    {file = "aiokafka-0.8.0-cp310-cp310-win_amd64.whl", hash = "sha256:0e9d61912678ecae6b3d407107c1a935f21d55af4585b70d8f5dcc39ecb949ce"},
    {file = "aiokafka-0.8.0-cp311-cp311-macosx_10_9_x86_64.whl", hash = "sha256:021e9f0027ca63c6c04daccfdd0e985f7a56d51bd0d43f482f674a58fada52f5"},
    {file = "aiokafka-0.8.0-cp311-cp311-manylinux_2_17_aarch64.manylinux2014_aarch64.whl", hash = "sha256:5a8038698a47333cdb0cd198cb4b3ccd2fbbc86ba9a4b9afc3eebe6544db0c2f"},
    {file = "aiokafka-0.8.0-cp311-cp311-manylinux_2_17_x86_64.manylinux2014_x86_64.whl", hash = "sha256:9bf6d0da5804ae8888c357034d1a6750baa610999181e930678da0e87cec610d"},
    {file = "aiokafka-0.8.0-cp311-cp311-manylinux_2_5_i686.manylinux1_i686.manylinux_2_17_i686.manylinux2014_i686.whl", hash = "sha256:95682f661f295fac2f5f3f0132aea7c44a1b6c92726161daa509af67ac506885"},
    {file = "aiokafka-0.8.0-cp311-cp311-win32.whl", hash = "sha256:65e1d27a1c1cd38c66e0b22928af74b192f7598da9acd5bb939c6acea5bb5036"},
    {file = "aiokafka-0.8.0-cp311-cp311-win_amd64.whl", hash = "sha256:f0a216a27f05b050d5a5308fb3444014fa6bca5f0cd63468eaa169c5f19ea1dd"},
    {file = "aiokafka-0.8.0-cp37-cp37m-macosx_10_9_x86_64.whl", hash = "sha256:2567465ee6de4d248fc416f2eef7d33bbe246a79073410ae2368b5bdaeb758c1"},
    {file = "aiokafka-0.8.0-cp37-cp37m-manylinux_2_17_aarch64.manylinux2014_aarch64.whl", hash = "sha256:7e292841beda7cfdcd6939aab6cc2a623acd3d655b166f7ff97c658f14ced8c5"},
    {file = "aiokafka-0.8.0-cp37-cp37m-manylinux_2_17_x86_64.manylinux2014_x86_64.whl", hash = "sha256:d459ab92a360cac240cf10b9ce88e64c1e41d942c7f63b1df6c2aafe27f946d0"},
    {file = "aiokafka-0.8.0-cp37-cp37m-manylinux_2_5_i686.manylinux1_i686.manylinux_2_17_i686.manylinux2014_i686.whl", hash = "sha256:9364eb81340b3a70a1222a4701c73a49ea0026a79bf138b4aec342f012d6f039"},
    {file = "aiokafka-0.8.0-cp37-cp37m-win32.whl", hash = "sha256:4439a03820dc64a8c3aa5fe17809541e6a001f6f6196aad6b6b88e7ded2b5396"},
    {file = "aiokafka-0.8.0-cp37-cp37m-win_amd64.whl", hash = "sha256:e07f07290a150552273c02bc5109d0a40bc0f32abc0ae5aeaa1e54fb86369251"},
    {file = "aiokafka-0.8.0-cp38-cp38-macosx_10_9_x86_64.whl", hash = "sha256:e005b53597fe9bc6681a2a3b50728d235cf2fb8801e52790678c691c85383565"},
    {file = "aiokafka-0.8.0-cp38-cp38-manylinux_2_17_aarch64.manylinux2014_aarch64.whl", hash = "sha256:dfb6dfef6c18726a783d102a6c1b0dfb6d43785a46ff34e967ddfa8f774532dd"},
    {file = "aiokafka-0.8.0-cp38-cp38-manylinux_2_17_x86_64.manylinux2014_x86_64.whl", hash = "sha256:5202073bb8d2350b72805d45ff0125c800ed101506a4ba7be2f03ad1ba8ad1e6"},
    {file = "aiokafka-0.8.0-cp38-cp38-manylinux_2_5_i686.manylinux1_i686.manylinux_2_17_i686.manylinux2014_i686.whl", hash = "sha256:881209100355a92696c6501ba1c2b32127bb1f7f2f318b400b3973ab0b52efed"},
    {file = "aiokafka-0.8.0-cp38-cp38-win32.whl", hash = "sha256:6f50a940411ae6cd0d7bcaf2d821539e3a59b6de012f77de18a573565c9f638f"},
    {file = "aiokafka-0.8.0-cp38-cp38-win_amd64.whl", hash = "sha256:1c3fd832a06fdd68e82f100fe678a800dd6dbf5e8db6af9521be333f965c325b"},
    {file = "aiokafka-0.8.0-cp39-cp39-macosx_10_9_x86_64.whl", hash = "sha256:2760f095a8ffb5b9b97ad28a43a6a93f38d67cf3bc95b42e6b27462b614c8561"},
    {file = "aiokafka-0.8.0-cp39-cp39-manylinux_2_17_aarch64.manylinux2014_aarch64.whl", hash = "sha256:dea214c2588237cf0d404624ccd99f466a2e853ca22d7153bb680b2d3f25cdde"},
    {file = "aiokafka-0.8.0-cp39-cp39-manylinux_2_17_x86_64.manylinux2014_x86_64.whl", hash = "sha256:57aa55b48004da9bf5a5d37d3412c2d373b0bf32118bdc5c78cc5635998674cc"},
    {file = "aiokafka-0.8.0-cp39-cp39-manylinux_2_5_i686.manylinux1_i686.manylinux_2_17_i686.manylinux2014_i686.whl", hash = "sha256:b86e3c1d649824103427c021593d75f44e01db1ffbc880b154e04098b534355f"},
    {file = "aiokafka-0.8.0-cp39-cp39-win32.whl", hash = "sha256:23f1fbdf54790a3751216e33e62228c8e1eb7feebcb19ef532cd3e4f13ae51ce"},
    {file = "aiokafka-0.8.0-cp39-cp39-win_amd64.whl", hash = "sha256:b36066df820e30f56386deb56d72efba287ba65419848888ea4b42f9e2741cff"},
    {file = "aiokafka-0.8.0.tar.gz", hash = "sha256:49b30479f68ba9a484a0e3362fb9c48797d7320066db9fcd53e755451f389acb"},
]
async-timeout = [
    {file = "async-timeout-4.0.2.tar.gz", hash = "sha256:2163e1640ddb52b7a8c80d0a67a08587e5d245cc9c553a74a847056bc2976b15"},
    {file = "async_timeout-4.0.2-py3-none-any.whl", hash = "sha256:8ca1e4fcf50d07413d66d1a5e416e42cfdf5851c981d679a09851a6853383b3c"},
]
avant-messaging-client = [
    {file = "avant_messaging_client-0.1.0-py3-none-any.whl", hash = "sha256:736da7d4e0ae3b666cd495777ac8f4d15bb36b79c467d2ff5919355f2312cfd3"},
]
kafka-python = [
    {file = "kafka-python-2.0.2.tar.gz", hash = "sha256:04dfe7fea2b63726cd6f3e79a2d86e709d608d74406638c5da33a01d45a9d7e3"},
    {file = "kafka_python-2.0.2-py2.py3-none-any.whl", hash = "sha256:2d92418c7cb1c298fa6c7f0fb3519b520d0d7526ac6cb7ae2a4fc65a51a94b6e"},
]
packaging = [
    {file = "packaging-23.0-py3-none-any.whl", hash = "sha256:714ac14496c3e68c99c29b00845f7a2b85f3bb6f1078fd9f72fd20f0570002b2"},
    {file = "packaging-23.0.tar.gz", hash = "sha256:b6ad297f8907de0fa2fe1ccbd26fdaf387f5f47c7275fedf8cce89f99446cf97"},
]
